
Microsoft Visual Studio Solution File, Format Version 12.00
# Visual Studio 15
VisualStudioVersion = 15.0.27004.2006
MinimumVisualStudioVersion = 10.0.40219.1
Project("{FAE04EC0-301F-11D3-BF4B-00C04F79EFBC}") = "Shapes", "Shapes\Shapes.csproj", "{9F531DD5-39C3-4CEE-B3FB-9B9A6E675197}"
EndProject
Project("{FAE04EC0-301F-11D3-BF4B-00C04F79EFBC}") = "Car", "Car\Car.csproj", "{98D2F5F6-080C-4857-8D4E-661A95E7D308}"
EndProject
Global
	GlobalSection(SolutionConfigurationPlatforms) = preSolution
		Debug|Any CPU = Debug|Any CPU
		Release|Any CPU = Release|Any CPU
	EndGlobalSection
	GlobalSection(ProjectConfigurationPlatforms) = postSolution
		{9F531DD5-39C3-4CEE-B3FB-9B9A6E675197}.Debug|Any CPU.ActiveCfg = Debug|Any CPU
		{9F531DD5-39C3-4CEE-B3FB-9B9A6E675197}.Debug|Any CPU.Build.0 = Debug|Any CPU
		{9F531DD5-39C3-4CEE-B3FB-9B9A6E675197}.Release|Any CPU.ActiveCfg = Release|Any CPU
		{9F531DD5-39C3-4CEE-B3FB-9B9A6E675197}.Release|Any CPU.Build.0 = Release|Any CPU
		{98D2F5F6-080C-4857-8D4E-661A95E7D308}.Debug|Any CPU.ActiveCfg = Debug|Any CPU
		{98D2F5F6-080C-4857-8D4E-661A95E7D308}.Debug|Any CPU.Build.0 = Debug|Any CPU
		{98D2F5F6-080C-4857-8D4E-661A95E7D308}.Release|Any CPU.ActiveCfg = Release|Any CPU
		{98D2F5F6-080C-4857-8D4E-661A95E7D308}.Release|Any CPU.Build.0 = Release|Any CPU
	EndGlobalSection
	GlobalSection(SolutionProperties) = preSolution
		HideSolutionNode = FALSE
	EndGlobalSection
	GlobalSection(ExtensibilityGlobals) = postSolution
		SolutionGuid = {1111CED7-99F2-4A22-A24A-39FA9C002024}
	EndGlobalSection
EndGlobal
