
Microsoft Visual Studio Solution File, Format Version 12.00
# Visual Studio 15
VisualStudioVersion = 15.0.27004.2006
MinimumVisualStudioVersion = 10.0.40219.1
Project("{FAE04EC0-301F-11D3-BF4B-00C04F79EFBC}") = "SoftUniRestaurant", "SoftUniRestaurant\SoftUniRestaurant.csproj", "{5E30AE0F-918E-45C5-B028-2349248576DD}"
EndProject
Global
	GlobalSection(SolutionConfigurationPlatforms) = preSolution
		Debug|Any CPU = Debug|Any CPU
		Release|Any CPU = Release|Any CPU
	EndGlobalSection
	GlobalSection(ProjectConfigurationPlatforms) = postSolution
		{5E30AE0F-918E-45C5-B028-2349248576DD}.Debug|Any CPU.ActiveCfg = Debug|Any CPU
		{5E30AE0F-918E-45C5-B028-2349248576DD}.Debug|Any CPU.Build.0 = Debug|Any CPU
		{5E30AE0F-918E-45C5-B028-2349248576DD}.Release|Any CPU.ActiveCfg = Release|Any CPU
		{5E30AE0F-918E-45C5-B028-2349248576DD}.Release|Any CPU.Build.0 = Release|Any CPU
	EndGlobalSection
	GlobalSection(SolutionProperties) = preSolution
		HideSolutionNode = FALSE
	EndGlobalSection
	GlobalSection(ExtensibilityGlobals) = postSolution
		SolutionGuid = {048EC3BD-5353-4062-84FC-23F3DBE3B1F6}
	EndGlobalSection
EndGlobal
