
Microsoft Visual Studio Solution File, Format Version 12.00
# Visual Studio 15
VisualStudioVersion = 15.0.27004.2006
MinimumVisualStudioVersion = 10.0.40219.1
Project("{FAE04EC0-301F-11D3-BF4B-00C04F79EFBC}") = "Farm", "Farm\Farm.csproj", "{B3DF0701-B45B-4AC7-BA28-85B6F23A0E03}"
EndProject
Project("{FAE04EC0-301F-11D3-BF4B-00C04F79EFBC}") = "CustomRandomList", "CustomRandomList\CustomRandomList.csproj", "{75C97F48-1719-4C80-A585-BEB9B578D36B}"
EndProject
Project("{FAE04EC0-301F-11D3-BF4B-00C04F79EFBC}") = "CustomStack", "CustomStack\CustomStack.csproj", "{6BB89EA2-4334-4498-84CC-123062161D78}"
EndProject
Global
	GlobalSection(SolutionConfigurationPlatforms) = preSolution
		Debug|Any CPU = Debug|Any CPU
		Release|Any CPU = Release|Any CPU
	EndGlobalSection
	GlobalSection(ProjectConfigurationPlatforms) = postSolution
		{B3DF0701-B45B-4AC7-BA28-85B6F23A0E03}.Debug|Any CPU.ActiveCfg = Debug|Any CPU
		{B3DF0701-B45B-4AC7-BA28-85B6F23A0E03}.Debug|Any CPU.Build.0 = Debug|Any CPU
		{B3DF0701-B45B-4AC7-BA28-85B6F23A0E03}.Release|Any CPU.ActiveCfg = Release|Any CPU
		{B3DF0701-B45B-4AC7-BA28-85B6F23A0E03}.Release|Any CPU.Build.0 = Release|Any CPU
		{75C97F48-1719-4C80-A585-BEB9B578D36B}.Debug|Any CPU.ActiveCfg = Debug|Any CPU
		{75C97F48-1719-4C80-A585-BEB9B578D36B}.Debug|Any CPU.Build.0 = Debug|Any CPU
		{75C97F48-1719-4C80-A585-BEB9B578D36B}.Release|Any CPU.ActiveCfg = Release|Any CPU
		{75C97F48-1719-4C80-A585-BEB9B578D36B}.Release|Any CPU.Build.0 = Release|Any CPU
		{6BB89EA2-4334-4498-84CC-123062161D78}.Debug|Any CPU.ActiveCfg = Debug|Any CPU
		{6BB89EA2-4334-4498-84CC-123062161D78}.Debug|Any CPU.Build.0 = Debug|Any CPU
		{6BB89EA2-4334-4498-84CC-123062161D78}.Release|Any CPU.ActiveCfg = Release|Any CPU
		{6BB89EA2-4334-4498-84CC-123062161D78}.Release|Any CPU.Build.0 = Release|Any CPU
	EndGlobalSection
	GlobalSection(SolutionProperties) = preSolution
		HideSolutionNode = FALSE
	EndGlobalSection
	GlobalSection(ExtensibilityGlobals) = postSolution
		SolutionGuid = {5F6AE471-4A94-4210-B72E-4CDA0A659851}
	EndGlobalSection
EndGlobal
