
Microsoft Visual Studio Solution File, Format Version 12.00
# Visual Studio 15
VisualStudioVersion = 15.0.27004.2006
MinimumVisualStudioVersion = 10.0.40219.1
Project("{FAE04EC0-301F-11D3-BF4B-00C04F79EFBC}") = "RhombusOfStars", "RhombusOfStars\RhombusOfStars.csproj", "{427BEB32-9A8F-4689-A848-78C70A284907}"
EndProject
Project("{FAE04EC0-301F-11D3-BF4B-00C04F79EFBC}") = "PointInRectangle", "PointInRectangle\PointInRectangle.csproj", "{626E858D-F042-40C9-88C8-B741083CE6CD}"
EndProject
Project("{FAE04EC0-301F-11D3-BF4B-00C04F79EFBC}") = "StudentSystem", "StudentSystem\StudentSystem.csproj", "{3A8F9521-8CE4-4753-83D8-79BDEC82C863}"
EndProject
Project("{FAE04EC0-301F-11D3-BF4B-00C04F79EFBC}") = "HotelReservation", "HotelReservation\HotelReservation.csproj", "{EC8162F3-8394-4DC1-8DF9-EB61235C5B45}"
EndProject
Global
	GlobalSection(SolutionConfigurationPlatforms) = preSolution
		Debug|Any CPU = Debug|Any CPU
		Release|Any CPU = Release|Any CPU
	EndGlobalSection
	GlobalSection(ProjectConfigurationPlatforms) = postSolution
		{427BEB32-9A8F-4689-A848-78C70A284907}.Debug|Any CPU.ActiveCfg = Debug|Any CPU
		{427BEB32-9A8F-4689-A848-78C70A284907}.Debug|Any CPU.Build.0 = Debug|Any CPU
		{427BEB32-9A8F-4689-A848-78C70A284907}.Release|Any CPU.ActiveCfg = Release|Any CPU
		{427BEB32-9A8F-4689-A848-78C70A284907}.Release|Any CPU.Build.0 = Release|Any CPU
		{626E858D-F042-40C9-88C8-B741083CE6CD}.Debug|Any CPU.ActiveCfg = Debug|Any CPU
		{626E858D-F042-40C9-88C8-B741083CE6CD}.Debug|Any CPU.Build.0 = Debug|Any CPU
		{626E858D-F042-40C9-88C8-B741083CE6CD}.Release|Any CPU.ActiveCfg = Release|Any CPU
		{626E858D-F042-40C9-88C8-B741083CE6CD}.Release|Any CPU.Build.0 = Release|Any CPU
		{3A8F9521-8CE4-4753-83D8-79BDEC82C863}.Debug|Any CPU.ActiveCfg = Debug|Any CPU
		{3A8F9521-8CE4-4753-83D8-79BDEC82C863}.Debug|Any CPU.Build.0 = Debug|Any CPU
		{3A8F9521-8CE4-4753-83D8-79BDEC82C863}.Release|Any CPU.ActiveCfg = Release|Any CPU
		{3A8F9521-8CE4-4753-83D8-79BDEC82C863}.Release|Any CPU.Build.0 = Release|Any CPU
		{EC8162F3-8394-4DC1-8DF9-EB61235C5B45}.Debug|Any CPU.ActiveCfg = Debug|Any CPU
		{EC8162F3-8394-4DC1-8DF9-EB61235C5B45}.Debug|Any CPU.Build.0 = Debug|Any CPU
		{EC8162F3-8394-4DC1-8DF9-EB61235C5B45}.Release|Any CPU.ActiveCfg = Release|Any CPU
		{EC8162F3-8394-4DC1-8DF9-EB61235C5B45}.Release|Any CPU.Build.0 = Release|Any CPU
	EndGlobalSection
	GlobalSection(SolutionProperties) = preSolution
		HideSolutionNode = FALSE
	EndGlobalSection
	GlobalSection(ExtensibilityGlobals) = postSolution
		SolutionGuid = {FABEC6F3-9F19-4F13-8EB8-CA26D09362AF}
	EndGlobalSection
EndGlobal
